
Microsoft Visual Studio Solution File, Format Version 12.00
# Visual Studio Version 16
VisualStudioVersion = 16.0.31313.79
MinimumVisualStudioVersion = 10.0.40219.1
Project("{FAE04EC0-301F-11D3-BF4B-00C04F79EFBC}") = "ByteBank", "ByteBank\ByteBank.csproj", "{9EB3570C-7265-4A6F-B56E-0C0D04C35F3C}"
EndProject
Global
	GlobalSection(SolutionConfigurationPlatforms) = preSolution
		Debug|Any CPU = Debug|Any CPU
		Release|Any CPU = Release|Any CPU
	EndGlobalSection
	GlobalSection(ProjectConfigurationPlatforms) = postSolution
		{9EB3570C-7265-4A6F-B56E-0C0D04C35F3C}.Debug|Any CPU.ActiveCfg = Debug|Any CPU
		{9EB3570C-7265-4A6F-B56E-0C0D04C35F3C}.Debug|Any CPU.Build.0 = Debug|Any CPU
		{9EB3570C-7265-4A6F-B56E-0C0D04C35F3C}.Release|Any CPU.ActiveCfg = Release|Any CPU
		{9EB3570C-7265-4A6F-B56E-0C0D04C35F3C}.Release|Any CPU.Build.0 = Release|Any CPU
	EndGlobalSection
	GlobalSection(SolutionProperties) = preSolution
		HideSolutionNode = FALSE
	EndGlobalSection
	GlobalSection(ExtensibilityGlobals) = postSolution
		SolutionGuid = {41D36A01-0FA4-4BCE-A931-72AF3FA37107}
	EndGlobalSection
EndGlobal
