
Microsoft Visual Studio Solution File, Format Version 12.00
# Visual Studio Version 16
VisualStudioVersion = 16.0.31205.134
MinimumVisualStudioVersion = 10.0.40219.1
Project("{FAE04EC0-301F-11D3-BF4B-00C04F79EFBC}") = "01-ByteBank", "01-ByteBank\01-ByteBank.csproj", "{AEB8D549-FBF0-4B59-8E6B-564091161579}"
EndProject
Project("{FAE04EC0-301F-11D3-BF4B-00C04F79EFBC}") = "02-ByteBank", "02-ByteBank\02-ByteBank.csproj", "{4C926069-4BB1-4688-B82C-04AB495BBC93}"
EndProject
Project("{FAE04EC0-301F-11D3-BF4B-00C04F79EFBC}") = "03-ByteBank", "03-ByteBank\03-ByteBank.csproj", "{928111C1-75B1-4A5E-818E-239144336D17}"
EndProject
Project("{FAE04EC0-301F-11D3-BF4B-00C04F79EFBC}") = "04-ByteBank", "04-ByteBank\04-ByteBank.csproj", "{FB50DC61-ABC5-48B8-AD1F-A692648F1200}"
EndProject
Project("{FAE04EC0-301F-11D3-BF4B-00C04F79EFBC}") = "05-ByteBank", "05-ByteBank\05-ByteBank.csproj", "{4B9F3799-F1DE-49D6-8D86-35F261E3C74B}"
EndProject
Project("{FAE04EC0-301F-11D3-BF4B-00C04F79EFBC}") = "06-ByteBank", "06-ByteBank\06-ByteBank.csproj", "{7B4E3A08-8999-4FA8-B2D7-D7B146A2C1D7}"
EndProject
Project("{FAE04EC0-301F-11D3-BF4B-00C04F79EFBC}") = "07-ByteBank", "07-ByteBank\07-ByteBank.csproj", "{7BBB1A64-AFBD-4B24-B671-19875DD7E7B2}"
EndProject
Global
	GlobalSection(SolutionConfigurationPlatforms) = preSolution
		Debug|Any CPU = Debug|Any CPU
		Release|Any CPU = Release|Any CPU
	EndGlobalSection
	GlobalSection(ProjectConfigurationPlatforms) = postSolution
		{AEB8D549-FBF0-4B59-8E6B-564091161579}.Debug|Any CPU.ActiveCfg = Debug|Any CPU
		{AEB8D549-FBF0-4B59-8E6B-564091161579}.Debug|Any CPU.Build.0 = Debug|Any CPU
		{AEB8D549-FBF0-4B59-8E6B-564091161579}.Release|Any CPU.ActiveCfg = Release|Any CPU
		{AEB8D549-FBF0-4B59-8E6B-564091161579}.Release|Any CPU.Build.0 = Release|Any CPU
		{4C926069-4BB1-4688-B82C-04AB495BBC93}.Debug|Any CPU.ActiveCfg = Debug|Any CPU
		{4C926069-4BB1-4688-B82C-04AB495BBC93}.Debug|Any CPU.Build.0 = Debug|Any CPU
		{4C926069-4BB1-4688-B82C-04AB495BBC93}.Release|Any CPU.ActiveCfg = Release|Any CPU
		{4C926069-4BB1-4688-B82C-04AB495BBC93}.Release|Any CPU.Build.0 = Release|Any CPU
		{928111C1-75B1-4A5E-818E-239144336D17}.Debug|Any CPU.ActiveCfg = Debug|Any CPU
		{928111C1-75B1-4A5E-818E-239144336D17}.Debug|Any CPU.Build.0 = Debug|Any CPU
		{928111C1-75B1-4A5E-818E-239144336D17}.Release|Any CPU.ActiveCfg = Release|Any CPU
		{928111C1-75B1-4A5E-818E-239144336D17}.Release|Any CPU.Build.0 = Release|Any CPU
		{FB50DC61-ABC5-48B8-AD1F-A692648F1200}.Debug|Any CPU.ActiveCfg = Debug|Any CPU
		{FB50DC61-ABC5-48B8-AD1F-A692648F1200}.Debug|Any CPU.Build.0 = Debug|Any CPU
		{FB50DC61-ABC5-48B8-AD1F-A692648F1200}.Release|Any CPU.ActiveCfg = Release|Any CPU
		{FB50DC61-ABC5-48B8-AD1F-A692648F1200}.Release|Any CPU.Build.0 = Release|Any CPU
		{4B9F3799-F1DE-49D6-8D86-35F261E3C74B}.Debug|Any CPU.ActiveCfg = Debug|Any CPU
		{4B9F3799-F1DE-49D6-8D86-35F261E3C74B}.Debug|Any CPU.Build.0 = Debug|Any CPU
		{4B9F3799-F1DE-49D6-8D86-35F261E3C74B}.Release|Any CPU.ActiveCfg = Release|Any CPU
		{4B9F3799-F1DE-49D6-8D86-35F261E3C74B}.Release|Any CPU.Build.0 = Release|Any CPU
		{7B4E3A08-8999-4FA8-B2D7-D7B146A2C1D7}.Debug|Any CPU.ActiveCfg = Debug|Any CPU
		{7B4E3A08-8999-4FA8-B2D7-D7B146A2C1D7}.Debug|Any CPU.Build.0 = Debug|Any CPU
		{7B4E3A08-8999-4FA8-B2D7-D7B146A2C1D7}.Release|Any CPU.ActiveCfg = Release|Any CPU
		{7B4E3A08-8999-4FA8-B2D7-D7B146A2C1D7}.Release|Any CPU.Build.0 = Release|Any CPU
		{7BBB1A64-AFBD-4B24-B671-19875DD7E7B2}.Debug|Any CPU.ActiveCfg = Debug|Any CPU
		{7BBB1A64-AFBD-4B24-B671-19875DD7E7B2}.Debug|Any CPU.Build.0 = Debug|Any CPU
		{7BBB1A64-AFBD-4B24-B671-19875DD7E7B2}.Release|Any CPU.ActiveCfg = Release|Any CPU
		{7BBB1A64-AFBD-4B24-B671-19875DD7E7B2}.Release|Any CPU.Build.0 = Release|Any CPU
	EndGlobalSection
	GlobalSection(SolutionProperties) = preSolution
		HideSolutionNode = FALSE
	EndGlobalSection
	GlobalSection(ExtensibilityGlobals) = postSolution
		SolutionGuid = {A7AC24DD-1FF9-4918-A7BA-98781F1D9CF7}
	EndGlobalSection
EndGlobal
